Microsoft Visual Studio Solution File, Format Version 12.00
# Visual Studio 2012
Project("{FAE04EC0-301F-11D3-BF4B-00C04F79EFBC}") = "spacemarine", "spacemarine.csproj", "{1F7A7DFD-9D54-469F-9B66-537282F75AC5}"
EndProject
Global
	GlobalSection(SolutionConfigurationPlatforms) = preSolution
	Debug|Any CPU = Debug|Any CPU
	ExportDebug|Any CPU = ExportDebug|Any CPU
	ExportRelease|Any CPU = ExportRelease|Any CPU
	EndGlobalSection
	GlobalSection(ProjectConfigurationPlatforms) = postSolution
		{1F7A7DFD-9D54-469F-9B66-537282F75AC5}.Debug|Any CPU.ActiveCfg = Debug|Any CPU
		{1F7A7DFD-9D54-469F-9B66-537282F75AC5}.Debug|Any CPU.Build.0 = Debug|Any CPU
		{1F7A7DFD-9D54-469F-9B66-537282F75AC5}.ExportDebug|Any CPU.ActiveCfg = ExportDebug|Any CPU
		{1F7A7DFD-9D54-469F-9B66-537282F75AC5}.ExportDebug|Any CPU.Build.0 = ExportDebug|Any CPU
		{1F7A7DFD-9D54-469F-9B66-537282F75AC5}.ExportRelease|Any CPU.ActiveCfg = ExportRelease|Any CPU
		{1F7A7DFD-9D54-469F-9B66-537282F75AC5}.ExportRelease|Any CPU.Build.0 = ExportRelease|Any CPU
	EndGlobalSection
EndGlobal
